
Microsoft Visual Studio Solution File, Format Version 12.00
# Visual Studio Version 16
VisualStudioVersion = 16.0.29709.97
MinimumVisualStudioVersion = 10.0.40219.1
Project("{FAE04EC0-301F-11D3-BF4B-00C04F79EFBC}") = "TanyaAuto", "TanyaAuto\TanyaAuto.csproj", "{8B5167BA-E0B1-4044-809C-BB326B7AC2A6}"
EndProject
Global
	GlobalSection(SolutionConfigurationPlatforms) = preSolution
		Debug|Any CPU = Debug|Any CPU
		Release|Any CPU = Release|Any CPU
	EndGlobalSection
	GlobalSection(ProjectConfigurationPlatforms) = postSolution
		{8B5167BA-E0B1-4044-809C-BB326B7AC2A6}.Debug|Any CPU.ActiveCfg = Debug|Any CPU
		{8B5167BA-E0B1-4044-809C-BB326B7AC2A6}.Debug|Any CPU.Build.0 = Debug|Any CPU
		{8B5167BA-E0B1-4044-809C-BB326B7AC2A6}.Release|Any CPU.ActiveCfg = Release|Any CPU
		{8B5167BA-E0B1-4044-809C-BB326B7AC2A6}.Release|Any CPU.Build.0 = Release|Any CPU
	EndGlobalSection
	GlobalSection(SolutionProperties) = preSolution
		HideSolutionNode = FALSE
	EndGlobalSection
	GlobalSection(ExtensibilityGlobals) = postSolution
		SolutionGuid = {6D16B001-9792-4D36-BDA4-0F7F21DE7F02}
	EndGlobalSection
EndGlobal
